// !$*UTF8*$!
{
	archiveVersion = 1;
	classes = {
	};
	objectVersion = 46;
	objects = {

/* Begin PBXBuildFile section */
		ED545EDD1C86D3970085773D /* AppDelegate.swift in Sources */ = {isa = PBXBuildFile; fileRef = ED545EDC1C86D3970085773D /* AppDelegate.swift */; };
		ED545EDF1C86D3970085773D /* ViewController.swift in Sources */ = {isa = PBXBuildFile; fileRef = ED545EDE1C86D3970085773D /* ViewController.swift */; };
		ED545EE21C86D3970085773D /* Main.storyboard in Resources */ = {isa = PBXBuildFile; fileRef = ED545EE01C86D3970085773D /* Main.storyboard */; };
		ED545EE41C86D3970085773D /* Assets.xcassets in Resources */ = {isa = PBXBuildFile; fileRef = ED545EE31C86D3970085773D /* Assets.xcassets */; };
		ED545EE71C86D3970085773D /* LaunchScreen.storyboard in Resources */ = {isa = PBXBuildFile; fileRef = ED545EE51C86D3970085773D /* LaunchScreen.storyboard */; };
		ED545EF21C86D3970085773D /* PListHelperTests.swift in Sources */ = {isa = PBXBuildFile; fileRef = ED545EF11C86D3970085773D /* PListHelperTests.swift */; };
		ED545EFD1C86D4010085773D /* ConfigManager.swift in Sources */ = {isa = PBXBuildFile; fileRef = ED545EFC1C86D4010085773D /* ConfigManager.swift */; };
		EDA46F031C89287600556996 /* AppConfig.plist in Resources */ = {isa = PBXBuildFile; fileRef = EDA46F021C89287600556996 /* AppConfig.plist */; };
		EDF4347F1C8C603400C7D576 /* ConfigKeys.swift in Sources */ = {isa = PBXBuildFile; fileRef = EDF4347E1C8C603400C7D576 /* ConfigKeys.swift */; };
/* End PBXBuildFile section */

/* Begin PBXContainerItemProxy section */
		ED545EEE1C86D3970085773D /* PBXContainerItemProxy */ = {
			isa = PBXContainerItemProxy;
			containerPortal = ED545ED11C86D3970085773D /* Project object */;
			proxyType = 1;
			remoteGlobalIDString = ED545ED81C86D3970085773D;
			remoteInfo = PListHelper;
		};
/* End PBXContainerItemProxy section */

/* Begin PBXFileReference section */
		ED545ED91C86D3970085773D /* PListHelper.app */ = {isa = PBXFileReference; explicitFileType = wrapper.application; includeInIndex = 0; path = PListHelper.app; sourceTree = BUILT_PRODUCTS_DIR; };
		ED545EDC1C86D3970085773D /* AppDelegate.swift */ = {isa = PBXFileReference; lastKnownFileType = sourcecode.swift; path = AppDelegate.swift; sourceTree = "<group>"; };
		ED545EDE1C86D3970085773D /* ViewController.swift */ = {isa = PBXFileReference; lastKnownFileType = sourcecode.swift; path = ViewController.swift; sourceTree = "<group>"; };
		ED545EE11C86D3970085773D /* Base */ = {isa = PBXFileReference; lastKnownFileType = file.storyboard; name = Base; path = Base.lproj/Main.storyboard; sourceTree = "<group>"; };
		ED545EE31C86D3970085773D /* Assets.xcassets */ = {isa = PBXFileReference; lastKnownFileType = folder.assetcatalog; path = Assets.xcassets; sourceTree = "<group>"; };
		ED545EE61C86D3970085773D /* Base */ = {isa = PBXFileReference; lastKnownFileType = file.storyboard; name = Base; path = Base.lproj/LaunchScreen.storyboard; sourceTree = "<group>"; };
		ED545EE81C86D3970085773D /* Info.plist */ = {isa = PBXFileReference; lastKnownFileType = text.plist.xml; path = Info.plist; sourceTree = "<group>"; };
		ED545EED1C86D3970085773D /* PListHelperTests.xctest */ = {isa = PBXFileReference; explicitFileType = wrapper.cfbundle; includeInIndex = 0; path = PListHelperTests.xctest; sourceTree = BUILT_PRODUCTS_DIR; };
		ED545EF11C86D3970085773D /* PListHelperTests.swift */ = {isa = PBXFileReference; lastKnownFileType = sourcecode.swift; path = PListHelperTests.swift; sourceTree = "<group>"; };
		ED545EF31C86D3970085773D /* Info.plist */ = {isa = PBXFileReference; lastKnownFileType = text.plist.xml; path = Info.plist; sourceTree = "<group>"; };
		ED545EFC1C86D4010085773D /* ConfigManager.swift */ = {isa = PBXFileReference; fileEncoding = 4; lastKnownFileType = sourcecode.swift; path = ConfigManager.swift; sourceTree = "<group>"; };
		EDA46F021C89287600556996 /* AppConfig.plist */ = {isa = PBXFileReference; fileEncoding = 4; lastKnownFileType = text.plist.xml; path = AppConfig.plist; sourceTree = "<group>"; };
		EDF4347E1C8C603400C7D576 /* ConfigKeys.swift */ = {isa = PBXFileReference; fileEncoding = 4; lastKnownFileType = sourcecode.swift; path = ConfigKeys.swift; sourceTree = "<group>"; };
/* End PBXFileReference section */

/* Begin PBXFrameworksBuildPhase section */
		ED545ED61C86D3970085773D /* Frameworks */ = {
			isa = PBXFrameworksBuildPhase;
			buildActionMask = 2147483647;
			files = (
			);
			runOnlyForDeploymentPostprocessing = 0;
		};
		ED545EEA1C86D3970085773D /* Frameworks */ = {
			isa = PBXFrameworksBuildPhase;
			buildActionMask = 2147483647;
			files = (
			);
			runOnlyForDeploymentPostprocessing = 0;
		};
/* End PBXFrameworksBuildPhase section */

/* Begin PBXGroup section */
		ED545ED01C86D3970085773D = {
			isa = PBXGroup;
			children = (
				ED545EDB1C86D3970085773D /* PListHelper */,
				ED545EF01C86D3970085773D /* PListHelperTests */,
				ED545EDA1C86D3970085773D /* Products */,
			);
			sourceTree = "<group>";
		};
		ED545EDA1C86D3970085773D /* Products */ = {
			isa = PBXGroup;
			children = (
				ED545ED91C86D3970085773D /* PListHelper.app */,
				ED545EED1C86D3970085773D /* PListHelperTests.xctest */,
			);
			name = Products;
			sourceTree = "<group>";
		};
		ED545EDB1C86D3970085773D /* PListHelper */ = {
			isa = PBXGroup;
			children = (
				ED545EDC1C86D3970085773D /* AppDelegate.swift */,
				ED545EDE1C86D3970085773D /* ViewController.swift */,
				EDA46F021C89287600556996 /* AppConfig.plist */,
				ED545EFC1C86D4010085773D /* ConfigManager.swift */,
				EDF4347E1C8C603400C7D576 /* ConfigKeys.swift */,
				ED545EE01C86D3970085773D /* Main.storyboard */,
				ED545EE31C86D3970085773D /* Assets.xcassets */,
				ED545EE51C86D3970085773D /* LaunchScreen.storyboard */,
				ED545EE81C86D3970085773D /* Info.plist */,
			);
			path = PListHelper;
			sourceTree = "<group>";
		};
		ED545EF01C86D3970085773D /* PListHelperTests */ = {
			isa = PBXGroup;
			children = (
				ED545EF11C86D3970085773D /* PListHelperTests.swift */,
				ED545EF31C86D3970085773D /* Info.plist */,
			);
			path = PListHelperTests;
			sourceTree = "<group>";
		};
/* End PBXGroup section */

/* Begin PBXNativeTarget section */
		ED545ED81C86D3970085773D /* PListHelper */ = {
			isa = PBXNativeTarget;
			buildConfigurationList = ED545EF61C86D3970085773D /* Build configuration list for PBXNativeTarget "PListHelper" */;
			buildPhases = (
				ED545ED51C86D3970085773D /* Sources */,
				ED545ED61C86D3970085773D /* Frameworks */,
				ED545ED71C86D3970085773D /* Resources */,
			);
			buildRules = (
			);
			dependencies = (
			);
			name = PListHelper;
			productName = PListHelper;
			productReference = ED545ED91C86D3970085773D /* PListHelper.app */;
			productType = "com.apple.product-type.application";
		};
		ED545EEC1C86D3970085773D /* PListHelperTests */ = {
			isa = PBXNativeTarget;
			buildConfigurationList = ED545EF91C86D3970085773D /* Build configuration list for PBXNativeTarget "PListHelperTests" */;
			buildPhases = (
				ED545EE91C86D3970085773D /* Sources */,
				ED545EEA1C86D3970085773D /* Frameworks */,
				ED545EEB1C86D3970085773D /* Resources */,
			);
			buildRules = (
			);
			dependencies = (
				ED545EEF1C86D3970085773D /* PBXTargetDependency */,
			);
			name = PListHelperTests;
			productName = PListHelperTests;
			productReference = ED545EED1C86D3970085773D /* PListHelperTests.xctest */;
			productType = "com.apple.product-type.bundle.unit-test";
		};
/* End PBXNativeTarget section */

/* Begin PBXProject section */
		ED545ED11C86D3970085773D /* Project object */ = {
			isa = PBXProject;
			attributes = {
				LastSwiftUpdateCheck = 0720;
				LastUpgradeCheck = 0720;
				ORGANIZATIONNAME = "Suraj Pathak";
				TargetAttributes = {
					ED545ED81C86D3970085773D = {
						CreatedOnToolsVersion = 7.2.1;
					};
					ED545EEC1C86D3970085773D = {
						CreatedOnToolsVersion = 7.2.1;
						TestTargetID = ED545ED81C86D3970085773D;
					};
				};
			};
			buildConfigurationList = ED545ED41C86D3970085773D /* Build configuration list for PBXProject "PListHelper" */;
			compatibilityVersion = "Xcode 3.2";
			developmentRegion = English;
			hasScannedForEncodings = 0;
			knownRegions = (
				en,
				Base,
			);
			mainGroup = ED545ED01C86D3970085773D;
			productRefGroup = ED545EDA1C86D3970085773D /* Products */;
			projectDirPath = "";
			projectRoot = "";
			targets = (
				ED545ED81C86D3970085773D /* PListHelper */,
				ED545EEC1C86D3970085773D /* PListHelperTests */,
			);
		};
/* End PBXProject section */

/* Begin PBXResourcesBuildPhase section */
		ED545ED71C86D3970085773D /* Resources */ = {
			isa = PBXResourcesBuildPhase;
			buildActionMask = 2147483647;
			files = (
				EDA46F031C89287600556996 /* AppConfig.plist in Resources */,
				ED545EE71C86D3970085773D /* LaunchScreen.storyboard in Resources */,
				ED545EE41C86D3970085773D /* Assets.xcassets in Resources */,
				ED545EE21C86D3970085773D /* Main.storyboard in Resources */,
			);
			runOnlyForDeploymentPostprocessing = 0;
		};
		ED545EEB1C86D3970085773D /* Resources */ = {
			isa = PBXResourcesBuildPhase;
			buildActionMask = 2147483647;
			files = (
			);
			runOnlyForDeploymentPostprocessing = 0;
		};
/* End PBXResourcesBuildPhase section */

/* Begin PBXSourcesBuildPhase section */
		ED545ED51C86D3970085773D /* Sources */ = {
			isa = PBXSourcesBuildPhase;
			buildActionMask = 2147483647;
			files = (
				ED545EFD1C86D4010085773D /* ConfigManager.swift in Sources */,
				ED545EDF1C86D3970085773D /* ViewController.swift in Sources */,
				ED545EDD1C86D3970085773D /* AppDelegate.swift in Sources */,
				EDF4347F1C8C603400C7D576 /* ConfigKeys.swift in Sources */,
			);
			runOnlyForDeploymentPostprocessing = 0;
		};
		ED545EE91C86D3970085773D /* Sources */ = {
			isa = PBXSourcesBuildPhase;
			buildActionMask = 2147483647;
			files = (
				ED545EF21C86D3970085773D /* PListHelperTests.swift in Sources */,
			);
			runOnlyForDeploymentPostprocessing = 0;
		};
/* End PBXSourcesBuildPhase section */

/* Begin PBXTargetDependency section */
		ED545EEF1C86D3970085773D /* PBXTargetDependency */ = {
			isa = PBXTargetDependency;
			target = ED545ED81C86D3970085773D /* PListHelper */;
			targetProxy = ED545EEE1C86D3970085773D /* PBXContainerItemProxy */;
		};
/* End PBXTargetDependency section */

/* Begin PBXVariantGroup section */
		ED545EE01C86D3970085773D /* Main.storyboard */ = {
			isa = PBXVariantGroup;
			children = (
				ED545EE11C86D3970085773D /* Base */,
			);
			name = Main.storyboard;
			sourceTree = "<group>";
		};
		ED545EE51C86D3970085773D /* LaunchScreen.storyboard */ = {
			isa = PBXVariantGroup;
			children = (
				ED545EE61C86D3970085773D /* Base */,
			);
			name = LaunchScreen.storyboard;
			sourceTree = "<group>";
		};
/* End PBXVariantGroup section */

/* Begin XCBuildConfiguration section */
		ED545EF41C86D3970085773D /* Debug */ = {
			isa = XCBuildConfiguration;
			buildSettings = {
				ALWAYS_SEARCH_USER_PATHS = NO;
				CLANG_CXX_LANGUAGE_STANDARD = "gnu++0x";
				CLANG_CXX_LIBRARY = "libc++";
				CLANG_ENABLE_MODULES = YES;
				CLANG_ENABLE_OBJC_ARC = YES;
				CLANG_WARN_BOOL_CONVERSION = YES;
				CLANG_WARN_CONSTANT_CONVERSION = YES;
				CLANG_WARN_DIRECT_OBJC_ISA_USAGE = YES_ERROR;
				CLANG_WARN_EMPTY_BODY = YES;
				CLANG_WARN_ENUM_CONVERSION = YES;
				CLANG_WARN_INT_CONVERSION = YES;
				CLANG_WARN_OBJC_ROOT_CLASS = YES_ERROR;
				CLANG_WARN_UNREACHABLE_CODE = YES;
				CLANG_WARN__DUPLICATE_METHOD_MATCH = YES;
				"CODE_SIGN_IDENTITY[sdk=iphoneos*]" = "iPhone Developer";
				COPY_PHASE_STRIP = NO;
				DEBUG_INFORMATION_FORMAT = dwarf;
				ENABLE_STRICT_OBJC_MSGSEND = YES;
				ENABLE_TESTABILITY = YES;
				GCC_C_LANGUAGE_STANDARD = gnu99;
				GCC_DYNAMIC_NO_PIC = NO;
				GCC_NO_COMMON_BLOCKS = YES;
				GCC_OPTIMIZATION_LEVEL = 0;
				GCC_PREPROCESSOR_DEFINITIONS = (
					"DEBUG=1",
					"$(inherited)",
				);
				GCC_WARN_64_TO_32_BIT_CONVERSION = YES;
				GCC_WARN_ABOUT_RETURN_TYPE = YES_ERROR;
				GCC_WARN_UNDECLARED_SELECTOR = YES;
				GCC_WARN_UNINITIALIZED_AUTOS = YES_AGGRESSIVE;
				GCC_WARN_UNUSED_FUNCTION = YES;
				GCC_WARN_UNUSED_VARIABLE = YES;
				IPHONEOS_DEPLOYMENT_TARGET = 9.2;
				MTL_ENABLE_DEBUG_INFO = YES;
				ONLY_ACTIVE_ARCH = YES;
				SDKROOT = iphoneos;
				SWIFT_OPTIMIZATION_LEVEL = "-Onone";
				TARGETED_DEVICE_FAMILY = "1,2";
			};
			name = Debug;
		};
		ED545EF51C86D3970085773D /* Release */ = {
			isa = XCBuildConfiguration;
			buildSettings = {
				ALWAYS_SEARCH_USER_PATHS = NO;
				CLANG_CXX_LANGUAGE_STANDARD = "gnu++0x";
				CLANG_CXX_LIBRARY = "libc++";
				CLANG_ENABLE_MODULES = YES;
				CLANG_ENABLE_OBJC_ARC = YES;
				CLANG_WARN_BOOL_CONVERSION = YES;
				CLANG_WARN_CONSTANT_CONVERSION = YES;
				CLANG_WARN_DIRECT_OBJC_ISA_USAGE = YES_ERROR;
				CLANG_WARN_EMPTY_BODY = YES;
				CLANG_WARN_ENUM_CONVERSION = YES;
				CLANG_WARN_INT_CONVERSION = YES;
				CLANG_WARN_OBJC_ROOT_CLASS = YES_ERROR;
				CLANG_WARN_UNREACHABLE_CODE = YES;
				CLANG_WARN__DUPLICATE_METHOD_MATCH = YES;
				"CODE_SIGN_IDENTITY[sdk=iphoneos*]" = "iPhone Developer";
				COPY_PHASE_STRIP = NO;
				DEBUG_INFORMATION_FORMAT = "dwarf-with-dsym";
				ENABLE_NS_ASSERTIONS = NO;
				ENABLE_STRICT_OBJC_MSGSEND = YES;
				GCC_C_LANGUAGE_STANDARD = gnu99;
				GCC_NO_COMMON_BLOCKS = YES;
				GCC_WARN_64_TO_32_BIT_CONVERSION = YES;
				GCC_WARN_ABOUT_RETURN_TYPE = YES_ERROR;
				GCC_WARN_UNDECLARED_SELECTOR = YES;
				GCC_WARN_UNINITIALIZED_AUTOS = YES_AGGRESSIVE;
				GCC_WARN_UNUSED_FUNCTION = YES;
				GCC_WARN_UNUSED_VARIABLE = YES;
				IPHONEOS_DEPLOYMENT_TARGET = 9.2;
				MTL_ENABLE_DEBUG_INFO = NO;
				SDKROOT = iphoneos;
				TARGETED_DEVICE_FAMILY = "1,2";
				VALIDATE_PRODUCT = YES;
			};
			name = Release;
		};
		ED545EF71C86D3970085773D /* Debug */ = {
			isa = XCBuildConfiguration;
			buildSettings = {
				ASSETCATALOG_COMPILER_APPICON_NAME = AppIcon;
				INFOPLIST_FILE = PListHelper/Info.plist;
				LD_RUNPATH_SEARCH_PATHS = "$(inherited) @executable_path/Frameworks";
				PRODUCT_BUNDLE_IDENTIFIER = sg.com.propertyguru.PListHelper;
				PRODUCT_NAME = "$(TARGET_NAME)";
			};
			name = Debug;
		};
		ED545EF81C86D3970085773D /* Release */ = {
			isa = XCBuildConfiguration;
			buildSettings = {
				ASSETCATALOG_COMPILER_APPICON_NAME = AppIcon;
				INFOPLIST_FILE = PListHelper/Info.plist;
				LD_RUNPATH_SEARCH_PATHS = "$(inherited) @executable_path/Frameworks";
				PRODUCT_BUNDLE_IDENTIFIER = sg.com.propertyguru.PListHelper;
				PRODUCT_NAME = "$(TARGET_NAME)";
			};
			name = Release;
		};
		ED545EFA1C86D3970085773D /* Debug */ = {
			isa = XCBuildConfiguration;
			buildSettings = {
				BUNDLE_LOADER = "$(TEST_HOST)";
				INFOPLIST_FILE = PListHelperTests/Info.plist;
				LD_RUNPATH_SEARCH_PATHS = "$(inherited) @executable_path/Frameworks @loader_path/Frameworks";
				PRODUCT_BUNDLE_IDENTIFIER = sg.com.propertyguru.PListHelperTests;
				PRODUCT_NAME = "$(TARGET_NAME)";
				TEST_HOST = "$(BUILT_PRODUCTS_DIR)/PListHelper.app/PListHelper";
			};
			name = Debug;
		};
		ED545EFB1C86D3970085773D /* Release */ = {
			isa = XCBuildConfiguration;
			buildSettings = {
				BUNDLE_LOADER = "$(TEST_HOST)";
				INFOPLIST_FILE = PListHelperTests/Info.plist;
				LD_RUNPATH_SEARCH_PATHS = "$(inherited) @executable_path/Frameworks @loader_path/Frameworks";
				PRODUCT_BUNDLE_IDENTIFIER = sg.com.propertyguru.PListHelperTests;
				PRODUCT_NAME = "$(TARGET_NAME)";
				TEST_HOST = "$(BUILT_PRODUCTS_DIR)/PListHelper.app/PListHelper";
			};
			name = Release;
		};
/* End XCBuildConfiguration section */

/* Begin XCConfigurationList section */
		ED545ED41C86D3970085773D /* Build configuration list for PBXProject "PListHelper" */ = {
			isa = XCConfigurationList;
			buildConfigurations = (
				ED545EF41C86D3970085773D /* Debug */,
				ED545EF51C86D3970085773D /* Release */,
			);
			defaultConfigurationIsVisible = 0;
			defaultConfigurationName = Release;
		};
		ED545EF61C86D3970085773D /* Build configuration list for PBXNativeTarget "PListHelper" */ = {
			isa = XCConfigurationList;
			buildConfigurations = (
				ED545EF71C86D3970085773D /* Debug */,
				ED545EF81C86D3970085773D /* Release */,
			);
			defaultConfigurationIsVisible = 0;
			defaultConfigurationName = Release;
		};
		ED545EF91C86D3970085773D /* Build configuration list for PBXNativeTarget "PListHelperTests" */ = {
			isa = XCConfigurationList;
			buildConfigurations = (
				ED545EFA1C86D3970085773D /* Debug */,
				ED545EFB1C86D3970085773D /* Release */,
			);
			defaultConfigurationIsVisible = 0;
			defaultConfigurationName = Release;
		};
/* End XCConfigurationList section */
	};
	rootObject = ED545ED11C86D3970085773D /* Project object */;
}
